
Microsoft Visual Studio Solution File, Format Version 11.00
# Visual C# Express 2010
Project("{FAE04EC0-301F-11D3-BF4B-00C04F79EFBC}") = "HauntedHouse", "HauntedHouse\HauntedHouse\HauntedHouse.csproj", "{AB9B73C4-8AC9-4AE7-81A0-5EE02FA8E5F5}"
EndProject
Project("{FAE04EC0-301F-11D3-BF4B-00C04F79EFBC}") = "HauntedHouseContent", "HauntedHouse\HauntedHouseContent\HauntedHouseContent.contentproj", "{854D75C9-FB93-4F72-9BC0-B21913EDAD94}"
EndProject
Project("{FAE04EC0-301F-11D3-BF4B-00C04F79EFBC}") = "Krypton", "HauntedHouse\Krypton\Krypton\Krypton.csproj", "{B1BFCB2A-C001-4DAC-BA7D-B68BF28757F3}"
EndProject
Project("{FAE04EC0-301F-11D3-BF4B-00C04F79EFBC}") = "KryptonContent", "HauntedHouse\Krypton\KryptonTestbed\KryptonTestbedContent\KryptonContent.contentproj", "{EA878F1A-4714-4377-8E6A-4947ACFF386A}"
EndProject
Project("{FAE04EC0-301F-11D3-BF4B-00C04F79EFBC}") = "Farseer Physics XNA", "HauntedHouse\Farseer Physics Engine 3.3.1 XNA\Farseer Physics Engine 3.3.1 XNA\Farseer Physics XNA.csproj", "{0A850700-1ABB-4288-A391-6726B90EBEB9}"
EndProject
Project("{FAE04EC0-301F-11D3-BF4B-00C04F79EFBC}") = "TiledPipelineExtensions", "TiledPipelineExtensions\TiledPipelineExtensions.csproj", "{8A0232DF-B771-4E46-A977-170C38C72C01}"
EndProject
Project("{FAE04EC0-301F-11D3-BF4B-00C04F79EFBC}") = "TiledLib", "HauntedHouse\TiledLib\TiledLib\TiledLib.csproj", "{EC3F6988-459C-4783-89E9-F34C0CC731C7}"
EndProject
Project("{FAE04EC0-301F-11D3-BF4B-00C04F79EFBC}") = "DebugPipeline1", "DebugPipeline1\DebugPipeline1.csproj", "{920945F9-046D-46B4-9D3C-6E8C077303A2}"
EndProject
Global
	GlobalSection(SolutionConfigurationPlatforms) = preSolution
		Debug|Any CPU = Debug|Any CPU
		Debug|x86 = Debug|x86
		Release|Any CPU = Release|Any CPU
		Release|x86 = Release|x86
	EndGlobalSection
	GlobalSection(ProjectConfigurationPlatforms) = postSolution
		{AB9B73C4-8AC9-4AE7-81A0-5EE02FA8E5F5}.Debug|Any CPU.ActiveCfg = Debug|x86
		{AB9B73C4-8AC9-4AE7-81A0-5EE02FA8E5F5}.Debug|x86.ActiveCfg = Debug|x86
		{AB9B73C4-8AC9-4AE7-81A0-5EE02FA8E5F5}.Debug|x86.Build.0 = Debug|x86
		{AB9B73C4-8AC9-4AE7-81A0-5EE02FA8E5F5}.Release|Any CPU.ActiveCfg = Release|x86
		{AB9B73C4-8AC9-4AE7-81A0-5EE02FA8E5F5}.Release|x86.ActiveCfg = Release|x86
		{AB9B73C4-8AC9-4AE7-81A0-5EE02FA8E5F5}.Release|x86.Build.0 = Release|x86
		{854D75C9-FB93-4F72-9BC0-B21913EDAD94}.Debug|Any CPU.ActiveCfg = Debug|x86
		{854D75C9-FB93-4F72-9BC0-B21913EDAD94}.Debug|x86.ActiveCfg = Debug|x86
		{854D75C9-FB93-4F72-9BC0-B21913EDAD94}.Release|Any CPU.ActiveCfg = Release|x86
		{854D75C9-FB93-4F72-9BC0-B21913EDAD94}.Release|x86.ActiveCfg = Release|x86
		{B1BFCB2A-C001-4DAC-BA7D-B68BF28757F3}.Debug|Any CPU.ActiveCfg = Debug|x86
		{B1BFCB2A-C001-4DAC-BA7D-B68BF28757F3}.Debug|x86.ActiveCfg = Debug|x86
		{B1BFCB2A-C001-4DAC-BA7D-B68BF28757F3}.Debug|x86.Build.0 = Debug|x86
		{B1BFCB2A-C001-4DAC-BA7D-B68BF28757F3}.Release|Any CPU.ActiveCfg = Release|x86
		{B1BFCB2A-C001-4DAC-BA7D-B68BF28757F3}.Release|x86.ActiveCfg = Release|x86
		{B1BFCB2A-C001-4DAC-BA7D-B68BF28757F3}.Release|x86.Build.0 = Release|x86
		{EA878F1A-4714-4377-8E6A-4947ACFF386A}.Debug|Any CPU.ActiveCfg = Debug|Any CPU
		{EA878F1A-4714-4377-8E6A-4947ACFF386A}.Debug|x86.ActiveCfg = Debug|Any CPU
		{EA878F1A-4714-4377-8E6A-4947ACFF386A}.Release|Any CPU.ActiveCfg = Debug|Any CPU
		{EA878F1A-4714-4377-8E6A-4947ACFF386A}.Release|x86.ActiveCfg = Debug|Any CPU
		{0A850700-1ABB-4288-A391-6726B90EBEB9}.Debug|Any CPU.ActiveCfg = Debug|x86
		{0A850700-1ABB-4288-A391-6726B90EBEB9}.Debug|x86.ActiveCfg = Debug|x86
		{0A850700-1ABB-4288-A391-6726B90EBEB9}.Debug|x86.Build.0 = Debug|x86
		{0A850700-1ABB-4288-A391-6726B90EBEB9}.Release|Any CPU.ActiveCfg = Release|x86
		{0A850700-1ABB-4288-A391-6726B90EBEB9}.Release|x86.ActiveCfg = Release|x86
		{0A850700-1ABB-4288-A391-6726B90EBEB9}.Release|x86.Build.0 = Release|x86
		{8A0232DF-B771-4E46-A977-170C38C72C01}.Debug|Any CPU.ActiveCfg = Debug|x86
		{8A0232DF-B771-4E46-A977-170C38C72C01}.Debug|Any CPU.Build.0 = Debug|x86
		{8A0232DF-B771-4E46-A977-170C38C72C01}.Debug|x86.ActiveCfg = Debug|x86
		{8A0232DF-B771-4E46-A977-170C38C72C01}.Debug|x86.Build.0 = Debug|x86
		{8A0232DF-B771-4E46-A977-170C38C72C01}.Release|Any CPU.ActiveCfg = Debug|x86
		{8A0232DF-B771-4E46-A977-170C38C72C01}.Release|Any CPU.Build.0 = Debug|x86
		{8A0232DF-B771-4E46-A977-170C38C72C01}.Release|x86.ActiveCfg = Debug|x86
		{8A0232DF-B771-4E46-A977-170C38C72C01}.Release|x86.Build.0 = Debug|x86
		{EC3F6988-459C-4783-89E9-F34C0CC731C7}.Debug|Any CPU.ActiveCfg = Debug|x86
		{EC3F6988-459C-4783-89E9-F34C0CC731C7}.Debug|Any CPU.Build.0 = Debug|x86
		{EC3F6988-459C-4783-89E9-F34C0CC731C7}.Debug|x86.ActiveCfg = Debug|x86
		{EC3F6988-459C-4783-89E9-F34C0CC731C7}.Debug|x86.Build.0 = Debug|x86
		{EC3F6988-459C-4783-89E9-F34C0CC731C7}.Release|Any CPU.ActiveCfg = Release|x86
		{EC3F6988-459C-4783-89E9-F34C0CC731C7}.Release|Any CPU.Build.0 = Release|x86
		{EC3F6988-459C-4783-89E9-F34C0CC731C7}.Release|x86.ActiveCfg = Release|x86
		{EC3F6988-459C-4783-89E9-F34C0CC731C7}.Release|x86.Build.0 = Release|x86
		{920945F9-046D-46B4-9D3C-6E8C077303A2}.Debug|Any CPU.ActiveCfg = Debug|x86
		{920945F9-046D-46B4-9D3C-6E8C077303A2}.Debug|x86.ActiveCfg = Debug|x86
		{920945F9-046D-46B4-9D3C-6E8C077303A2}.Debug|x86.Build.0 = Debug|x86
		{920945F9-046D-46B4-9D3C-6E8C077303A2}.Release|Any CPU.ActiveCfg = Release|x86
		{920945F9-046D-46B4-9D3C-6E8C077303A2}.Release|x86.ActiveCfg = Release|x86
		{920945F9-046D-46B4-9D3C-6E8C077303A2}.Release|x86.Build.0 = Release|x86
	EndGlobalSection
	GlobalSection(SolutionProperties) = preSolution
		HideSolutionNode = FALSE
	EndGlobalSection
EndGlobal
